
Microsoft Visual Studio Solution File, Format Version 12.00
# Visual Studio 15
VisualStudioVersion = 15.0.27004.2009
MinimumVisualStudioVersion = 10.0.40219.1
Project("{FAE04EC0-301F-11D3-BF4B-00C04F79EFBC}") = "Ysw.WxrdSharer", "Ysw.WxrdSharer\Ysw.WxrdSharer.csproj", "{FF2EB213-465E-44D4-8A74-B2C22F673370}"
EndProject
Global
	GlobalSection(SolutionConfigurationPlatforms) = preSolution
		Debug|Any CPU = Debug|Any CPU
		Release|Any CPU = Release|Any CPU
	EndGlobalSection
	GlobalSection(ProjectConfigurationPlatforms) = postSolution
		{FF2EB213-465E-44D4-8A74-B2C22F673370}.Debug|Any CPU.ActiveCfg = Debug|Any CPU
		{FF2EB213-465E-44D4-8A74-B2C22F673370}.Debug|Any CPU.Build.0 = Debug|Any CPU
		{FF2EB213-465E-44D4-8A74-B2C22F673370}.Release|Any CPU.ActiveCfg = Release|Any CPU
		{FF2EB213-465E-44D4-8A74-B2C22F673370}.Release|Any CPU.Build.0 = Release|Any CPU
	EndGlobalSection
	GlobalSection(SolutionProperties) = preSolution
		HideSolutionNode = FALSE
	EndGlobalSection
	GlobalSection(ExtensibilityGlobals) = postSolution
		SolutionGuid = {81959F5D-3B9C-4440-8D5D-559FB14A3645}
	EndGlobalSection
EndGlobal
